{
  "version": "5",
  "specifiers": {
    "jsr:@hono/hono@^4.8.12": "4.8.12",
    "npm:@types/node@*": "22.15.15"
  },
  "jsr": {
    "@hono/hono@4.8.12": {
      "integrity": "078037693c3ae9dece93ddd771d52ab61197231cc7633f741ac031eb3b28eb64"
    }
  },
  "npm": {
    "@types/node@22.15.15": {
      "integrity": "sha512-R5muMcZob3/Jjchn5LcO8jdKwSCbzqmPB6ruBxMcf9kbxtniZHP327s6C37iOfuw8mbKK3cAQa7sEl7afLrQ8A==",
      "dependencies": [
        "undici-types"
      ]
    },
    "undici-types@6.21.0": {
      "integrity": "sha512-iwDZqg0QAGrg9Rav5H4n0M64c3mkR59cJ6wQp+7C4nI0gsmExaedaYLNO44eT4AtBBwjbTiGPMlt2Md0T9H9JQ=="
    }
  },
  "redirects": {
    "https://esm.sh/@supabase/node-fetch@^2.6.13?target=denonext": "https://esm.sh/@supabase/node-fetch@2.6.15?target=denonext",
    "https://esm.sh/@supabase/node-fetch@^2.6.14?target=denonext": "https://esm.sh/@supabase/node-fetch@2.6.15?target=denonext",
    "https://esm.sh/@supabase/storage-js@^2.10.4?target=denonext": "https://esm.sh/@supabase/storage-js@2.10.4?target=denonext",
    "https://esm.sh/@supabase/supabase-js@2": "https://esm.sh/@supabase/supabase-js@2.53.0",
    "https://esm.sh/isows@^1.0.7?target=denonext": "https://esm.sh/isows@1.0.7?target=denonext",
    "https://esm.sh/postgres@%3E=3?target=denonext": "https://esm.sh/postgres@3.4.7?target=denonext",
    "https://esm.sh/tr46@~0.0.3?target=denonext": "https://esm.sh/tr46@0.0.3?target=denonext",
    "https://esm.sh/webidl-conversions@^3.0.0?target=denonext": "https://esm.sh/webidl-conversions@3.0.1?target=denonext",
    "https://esm.sh/whatwg-url@^5.0.0?target=denonext": "https://esm.sh/whatwg-url@5.0.0?target=denonext"
  },
  "remote": {
    "https://deno.land/std@0.177.0/_util/asserts.ts": "178dfc49a464aee693a7e285567b3d0b555dc805ff490505a8aae34f9cfb1462",
    "https://deno.land/std@0.177.0/_util/os.ts": "d932f56d41e4f6a6093d56044e29ce637f8dcc43c5a90af43504a889cf1775e3",
    "https://deno.land/std@0.177.0/collections/filter_values.ts": "5b9feaf17b9a6e5ffccdd36cf6f38fa4ffa94cff2602d381c2ad0c2a97929652",
    "https://deno.land/std@0.177.0/collections/without_all.ts": "a89f5da0b5830defed4f59666e188df411d8fece35a5f6ca69be6ca71a95c185",
    "https://deno.land/std@0.177.0/dotenv/mod.ts": "8dcbc8a40b896a0bf094582aaeadbfc76d3528872faf2efc0302beb1d2f6afd0",
    "https://deno.land/std@0.177.0/fs/_util.ts": "65381f341af1ff7f40198cee15c20f59951ac26e51ddc651c5293e24f9ce6f32",
    "https://deno.land/std@0.177.0/fs/walk.ts": "ea95ffa6500c1eda6b365be488c056edc7c883a1db41ef46ec3bf057b1c0fe32",
    "https://deno.land/std@0.177.0/path/_constants.ts": "e49961f6f4f48039c0dfed3c3f93e963ca3d92791c9d478ac5b43183413136e0",
    "https://deno.land/std@0.177.0/path/_interface.ts": "6471159dfbbc357e03882c2266d21ef9afdb1e4aa771b0545e90db58a0ba314b",
    "https://deno.land/std@0.177.0/path/_util.ts": "d7abb1e0dea065f427b89156e28cdeb32b045870acdf865833ba808a73b576d0",
    "https://deno.land/std@0.177.0/path/common.ts": "ee7505ab01fd22de3963b64e46cff31f40de34f9f8de1fff6a1bd2fe79380000",
    "https://deno.land/std@0.177.0/path/glob.ts": "d479e0a695621c94d3fd7fe7abd4f9499caf32a8de13f25073451c6ef420a4e1",
    "https://deno.land/std@0.177.0/path/mod.ts": "4b83694ac500d7d31b0cdafc927080a53dc0c3027eb2895790fb155082b0d232",
    "https://deno.land/std@0.177.0/path/posix.ts": "8b7c67ac338714b30c816079303d0285dd24af6b284f7ad63da5b27372a2c94d",
    "https://deno.land/std@0.177.0/path/separator.ts": "0fb679739d0d1d7bf45b68dacfb4ec7563597a902edbaf3c59b50d5bcadd93b1",
    "https://deno.land/std@0.177.0/path/win32.ts": "d186344e5583bcbf8b18af416d13d82b35a317116e6460a5a3953508c3de5bba",
    "https://esm.sh/@supabase/auth-js@2.71.1/denonext/auth-js.mjs": "d55f67342e652b8bdce35b0ff13ad5cc294b7e96dbd68f859b464b07c6864967",
    "https://esm.sh/@supabase/functions-js@2.4.5/denonext/functions-js.mjs": "acfcb4db90c292c335a9dbb5664485f5e0b680533d68e6942abb9387ec7e0d0b",
    "https://esm.sh/@supabase/node-fetch@2.6.15/denonext/node-fetch.mjs": "0bae9052231f4f6dbccc7234d05ea96923dbf967be12f402764580b6bf9f713d",
    "https://esm.sh/@supabase/node-fetch@2.6.15?target=denonext": "4d28c4ad97328403184353f68434f2b6973971507919e9150297413664919cf3",
    "https://esm.sh/@supabase/postgrest-js@1.19.4/denonext/postgrest-js.mjs": "2073b5552ba10c7a8302bffffae771e3aede1daf833382355dae239fb0ab2576",
    "https://esm.sh/@supabase/realtime-js@2.11.15/denonext/realtime-js.mjs": "3b7511415165a1b503eae1dfbc10814ef3d0c1c866c97fdec4f6714bfa34a847",
    "https://esm.sh/@supabase/storage-js@2.10.4/denonext/storage-js.mjs": "35600c8c2ecd34f833d3695f90997c294b4f95b2c20677b2d7fd643927b68f4f",
    "https://esm.sh/@supabase/storage-js@2.10.4?target=denonext": "ff2b275160422ea202adedd9dbcd68d1dd6a9326bc0929bf2bf22d05703b5f05",
    "https://esm.sh/@supabase/supabase-js@2.53.0": "dda3361e12703cb6bf2036371d9d8204086ac9da634bc83bf4a3a37fdb32df84",
    "https://esm.sh/@supabase/supabase-js@2.53.0/denonext/supabase-js.mjs": "762b2be2e5015ba6fcf09e9b4b2789213493224f4e04cd7067e32e6696d38b1a",
    "https://esm.sh/drizzle-orm@0.44.4": "2871920717e174f27d1d88273a739f7ca5742bf7c7f2d3b8e0b0d294dc06c464",
    "https://esm.sh/drizzle-orm@0.44.4/denonext/alias.mjs": "f70b2e41e80e087fe69cd96220b398ef776abda2a2b11cb695110fecdb65ef1f",
    "https://esm.sh/drizzle-orm@0.44.4/denonext/cache/core.mjs": "f2801f1bd8a90a861e3ff60faa232cdaf495a17fabb221120e9a4bbb2b341654",
    "https://esm.sh/drizzle-orm@0.44.4/denonext/cache/core/cache.mjs": "1192333aaf52540e86e82c87aec834c9f16ee491b8bcfc8dd389e533e60959b0",
    "https://esm.sh/drizzle-orm@0.44.4/denonext/casing.mjs": "461af9d0ecae70b35b631878a38019a155a3ac4583590f34ce542de6c818d4d9",
    "https://esm.sh/drizzle-orm@0.44.4/denonext/column-builder.mjs": "411e6eeae49c41ebc290ec39e5a12c1c2c8b76ad9c9bf50d932e6c6a8dc12241",
    "https://esm.sh/drizzle-orm@0.44.4/denonext/column.mjs": "71f8f6d9aabf62cd53050ad510520fcd8d50a382cb0120af7f2260a20e7902b7",
    "https://esm.sh/drizzle-orm@0.44.4/denonext/drizzle-orm.mjs": "63a786513db068bb74d5d410ad8822659908884d7ab895fd59a12cd53fdad443",
    "https://esm.sh/drizzle-orm@0.44.4/denonext/entity.mjs": "d6780b11fe7e5b2ed49dffedf6571258f3285b9730ff211df3762a713babff06",
    "https://esm.sh/drizzle-orm@0.44.4/denonext/errors.mjs": "8147b02891169aaaafcbf6e84ae0bc1290d96acdecfba53c5bc0b3a89c9ba618",
    "https://esm.sh/drizzle-orm@0.44.4/denonext/logger.mjs": "667a4ac6dbfd978318a8b8dff24b81f0184404a204b2e0fd1a59b45a2d301f15",
    "https://esm.sh/drizzle-orm@0.44.4/denonext/operations.mjs": "68532f5b27db897bc46121b07fe8fe5c6eb761cd78101a631d4ef8f39cb4c898",
    "https://esm.sh/drizzle-orm@0.44.4/denonext/pg-core.mjs": "9f885d64e4794b0462652710644a21c603e003808cc740377257f9c3a3566b56",
    "https://esm.sh/drizzle-orm@0.44.4/denonext/pg-core/alias.mjs": "bb7dfe6f78f6ae5912a35ba4024497ae2915f995d8800910fbbffb00b290b53d",
    "https://esm.sh/drizzle-orm@0.44.4/denonext/pg-core/checks.mjs": "0fcc09b700b04cb96d348ae7af85721dcd210caef9e18820364ba9238e81588a",
    "https://esm.sh/drizzle-orm@0.44.4/denonext/pg-core/columns.mjs": "2f43d85e700f0feddece9ef35399cd340af09c24fcc603857a33d952515427f2",
    "https://esm.sh/drizzle-orm@0.44.4/denonext/pg-core/columns/all.mjs": "0e98e165b3f7729a95af90c90829185b14ca26eecb3d130ed7fcccb1df370beb",
    "https://esm.sh/drizzle-orm@0.44.4/denonext/pg-core/columns/bigint.mjs": "917408b9d560b8b42592f2d2765110469a4913c6b8364286554bcc3bc5d58ab5",
    "https://esm.sh/drizzle-orm@0.44.4/denonext/pg-core/columns/bigserial.mjs": "5d378ad5db23a37a58084e52476f7e6f954b056fd7eea028a8b5acd7069df3b7",
    "https://esm.sh/drizzle-orm@0.44.4/denonext/pg-core/columns/boolean.mjs": "c457320393628f3ee494ce0f267433a1cbba57a51a27bbbe48e3cbb5e60c95d0",
    "https://esm.sh/drizzle-orm@0.44.4/denonext/pg-core/columns/char.mjs": "f9d00e47b314ec25d46ca4d29cdadfb5dd849100bbd2e852bc06406743d667c4",
    "https://esm.sh/drizzle-orm@0.44.4/denonext/pg-core/columns/cidr.mjs": "82c06166b5aad8fc80987ef2b9e00e4fa94dafae6b36956263b63002d4c02347",
    "https://esm.sh/drizzle-orm@0.44.4/denonext/pg-core/columns/common.mjs": "e82d0d2c4f6dbb71e2b4770c062b60c4ff7fe142481dc7e4553a811fdaf3837b",
    "https://esm.sh/drizzle-orm@0.44.4/denonext/pg-core/columns/custom.mjs": "851ebb1c09048fbef96146dc028e1cfe4db8e668bdb5792be4ec0b6b54e30da8",
    "https://esm.sh/drizzle-orm@0.44.4/denonext/pg-core/columns/date.common.mjs": "895545bb11c7db63916df153a349c082c3066f831a5656e4a0b86bb4b59464c1",
    "https://esm.sh/drizzle-orm@0.44.4/denonext/pg-core/columns/date.mjs": "ff75e2b61e168525deff576179da9f697d950bea3c3128f5168186f5b5f50910",
    "https://esm.sh/drizzle-orm@0.44.4/denonext/pg-core/columns/double-precision.mjs": "b372985853d8236059730e3d61a256a69e2f5a80cb42f567823d859ba8d5278e",
    "https://esm.sh/drizzle-orm@0.44.4/denonext/pg-core/columns/enum.mjs": "716deeecda664d39eaba9761517a1d8b3029f1c874fe27b293717b8b9d4b1fe5",
    "https://esm.sh/drizzle-orm@0.44.4/denonext/pg-core/columns/inet.mjs": "e0a0d6d807a60e1ab136beca8a769c39e9e1f7dbbf0156bb94a8a160d1fabf2d",
    "https://esm.sh/drizzle-orm@0.44.4/denonext/pg-core/columns/int.common.mjs": "64a30970d10117e2c6cbb3fdaa0b24604477cdee62a794cb7fcab5751934a535",
    "https://esm.sh/drizzle-orm@0.44.4/denonext/pg-core/columns/integer.mjs": "47b4b15232925d65d272b39283cb5eb72e473b0f0c8d9a9cb5593897d65ad91c",
    "https://esm.sh/drizzle-orm@0.44.4/denonext/pg-core/columns/interval.mjs": "85f82834756cf6787b439739c292a12507484c627c7464f7ec119dc2e9602d9b",
    "https://esm.sh/drizzle-orm@0.44.4/denonext/pg-core/columns/json.mjs": "0418968e5fd0d336703732a410ba84117a8b2380487544fe3f24dc317d0507cc",
    "https://esm.sh/drizzle-orm@0.44.4/denonext/pg-core/columns/jsonb.mjs": "6f9f86481e630ff0529e340280bdbb9b3b88ae80f7a4f91d312761b5e1077f18",
    "https://esm.sh/drizzle-orm@0.44.4/denonext/pg-core/columns/line.mjs": "7f9e23a52eb8f32c339a4d72d37b538bd5fa9e369fd69a9971075689242034ee",
    "https://esm.sh/drizzle-orm@0.44.4/denonext/pg-core/columns/macaddr.mjs": "41114ce81c99ce75eec86c8c354afbd4e1054ceda0722afa7e3fa775f6c8dbf5",
    "https://esm.sh/drizzle-orm@0.44.4/denonext/pg-core/columns/macaddr8.mjs": "cad3f8688570c4ec3f64ca22b8fd682aa603a38510ce597a477f39f0c663a823",
    "https://esm.sh/drizzle-orm@0.44.4/denonext/pg-core/columns/numeric.mjs": "e14b780aa2fd339944fa5f9f8779b1621951229f693fa30e13d5ce702f78164c",
    "https://esm.sh/drizzle-orm@0.44.4/denonext/pg-core/columns/point.mjs": "642e9ec7a1e77693bd24065614581088735932b49094922cca353fc51b2b45c5",
    "https://esm.sh/drizzle-orm@0.44.4/denonext/pg-core/columns/postgis_extension/geometry.mjs": "3950e3bc0c091ecf95bb6a69e975ee478926d8b6058c568567aa81e44c8ca199",
    "https://esm.sh/drizzle-orm@0.44.4/denonext/pg-core/columns/postgis_extension/utils.mjs": "c9d0bf8b34ffe2e7724178e49e51998c5fb230a2c93aa04787fe6a10aa2eba34",
    "https://esm.sh/drizzle-orm@0.44.4/denonext/pg-core/columns/real.mjs": "981f46fcb2bd4387e2cb2019dabb1fe22d092a79ab0f62996abe8914914a1c32",
    "https://esm.sh/drizzle-orm@0.44.4/denonext/pg-core/columns/serial.mjs": "ecc73ab9b0c28c1f11009a0b81425a430951839db7de420556e048dbb75f88c7",
    "https://esm.sh/drizzle-orm@0.44.4/denonext/pg-core/columns/smallint.mjs": "d30517cdd5e5793aa6c9bac6b23a0f7c03474ed37167851ae1d95157f173218c",
    "https://esm.sh/drizzle-orm@0.44.4/denonext/pg-core/columns/smallserial.mjs": "d62547eed8cfdadeca70329752e5973cbcc7915532cf5d4ca61c340d5203b700",
    "https://esm.sh/drizzle-orm@0.44.4/denonext/pg-core/columns/text.mjs": "b850e735efdbf8164b9dc358a14d928cee5548050399d9fa7e4e0e45ea88eecf",
    "https://esm.sh/drizzle-orm@0.44.4/denonext/pg-core/columns/time.mjs": "c7816cd08fcb4df1f823dce6f8e2cd00d896cbc66fc205073b1b29f222008259",
    "https://esm.sh/drizzle-orm@0.44.4/denonext/pg-core/columns/timestamp.mjs": "c43d78420e87d1ee9307dabfa3d84c5c82fa5ea12fe6582c5a89edcf85c4d62f",
    "https://esm.sh/drizzle-orm@0.44.4/denonext/pg-core/columns/uuid.mjs": "51113abefc9bf40e2d76d9798bf8f94451ba3077ad80f05a005fd6587ff671bb",
    "https://esm.sh/drizzle-orm@0.44.4/denonext/pg-core/columns/varchar.mjs": "6a3e226a120b699d3b096c61154f94c19e4e45124b21cfc2e9e3383cfcdc4a85",
    "https://esm.sh/drizzle-orm@0.44.4/denonext/pg-core/columns/vector_extension/bit.mjs": "89f409a536d0e28d73c2b8246ce64c66f2be4203b3f5632afad36dc81cd88110",
    "https://esm.sh/drizzle-orm@0.44.4/denonext/pg-core/columns/vector_extension/halfvec.mjs": "b77a5de6a0346c367990853525efb03fb55e76cba0956fd8f2e8a8c739900a42",
    "https://esm.sh/drizzle-orm@0.44.4/denonext/pg-core/columns/vector_extension/sparsevec.mjs": "793f32f521c9308a28937f71f5fdd31d8b2554cbf651b1ff2173a239008fabaa",
    "https://esm.sh/drizzle-orm@0.44.4/denonext/pg-core/columns/vector_extension/vector.mjs": "9eabe69de683a112d967a6244dc47083eaa6e50bfd409417272ac2ff0e150f6f",
    "https://esm.sh/drizzle-orm@0.44.4/denonext/pg-core/db.mjs": "1282b582f3c243df9616133d98a2cedaab46b7e323c68eca2dd0e543cb6886e6",
    "https://esm.sh/drizzle-orm@0.44.4/denonext/pg-core/dialect.mjs": "b3a8355489c9475823e9fdba5000b1d66b39d4561284d33d0fca67ca1927e433",
    "https://esm.sh/drizzle-orm@0.44.4/denonext/pg-core/foreign-keys.mjs": "8ea93877a2aaae46a1a83e75328589554ab1c9350d71cb327eb8a9c208f239a3",
    "https://esm.sh/drizzle-orm@0.44.4/denonext/pg-core/indexes.mjs": "ccde1a2da0ac2b475f468f137bbd82ed58aad1d97a3fa4cbfeeda005721ec2b7",
    "https://esm.sh/drizzle-orm@0.44.4/denonext/pg-core/policies.mjs": "4f466fd24ddfd4573cec289253d1a8a7f9e4afbd42808e4953d43fa4ac0a250b",
    "https://esm.sh/drizzle-orm@0.44.4/denonext/pg-core/primary-keys.mjs": "e42f441f3e3449c6d7f82d2ce2cde103a9b793bf0a4509308919e36b8231fe6b",
    "https://esm.sh/drizzle-orm@0.44.4/denonext/pg-core/query-builders.mjs": "9e4b8db3130b48b2f607517e94870677a39c9230adaa30cbb63775210946c17e",
    "https://esm.sh/drizzle-orm@0.44.4/denonext/pg-core/query-builders/count.mjs": "aadeddfaf324f93e8d758b45507d20812161ba168b336a9a08ca8852148231ab",
    "https://esm.sh/drizzle-orm@0.44.4/denonext/pg-core/query-builders/delete.mjs": "ec9172db1ef935f65f2fcb073a2feef09ddd7a782b7f24ebf73dbece360a93d4",
    "https://esm.sh/drizzle-orm@0.44.4/denonext/pg-core/query-builders/insert.mjs": "a0a4694e47b2affc94800122bd76925c864ee455aef5218545d043965484c791",
    "https://esm.sh/drizzle-orm@0.44.4/denonext/pg-core/query-builders/query-builder.mjs": "6dc0776271777f907fecd2df6fa0202e7c0a40393b7c550e11de6c4f693cbcfc",
    "https://esm.sh/drizzle-orm@0.44.4/denonext/pg-core/query-builders/query.mjs": "c915f76625d9cbf46f0fe40c7a826ecd0d68548b075809d45deeebe324784bcc",
    "https://esm.sh/drizzle-orm@0.44.4/denonext/pg-core/query-builders/raw.mjs": "d4ef70a30db5ff3daca425e149c7eea345ffad457ecf06cdfa6cdf52dd4e3c19",
    "https://esm.sh/drizzle-orm@0.44.4/denonext/pg-core/query-builders/refresh-materialized-view.mjs": "61117af362c9fee5fbf7855c7733b61e10de28c2d7aaface1afa5017c6fb263c",
    "https://esm.sh/drizzle-orm@0.44.4/denonext/pg-core/query-builders/select.mjs": "30f9d0b78dd0da40be5105d116769cc505bbde72c72a529844df5eeeb089b0e3",
    "https://esm.sh/drizzle-orm@0.44.4/denonext/pg-core/query-builders/select.types.mjs": "a9419bb1b8b11c207c77c6cb094e41754ac3c749a7fae8a6f33814df483ae47b",
    "https://esm.sh/drizzle-orm@0.44.4/denonext/pg-core/query-builders/update.mjs": "62672f03607f02899efe805a2ebfe2399141dda9fc9d42ffae1866d45e4ed142",
    "https://esm.sh/drizzle-orm@0.44.4/denonext/pg-core/roles.mjs": "862abcce526b7452af52fe159e652ccaf3b287f3f7b580e4aa6d0d380431f002",
    "https://esm.sh/drizzle-orm@0.44.4/denonext/pg-core/schema.mjs": "83d26112eb72a25e9b235b09582fbe9b235ae46ecbafcb3d921239f51926eb90",
    "https://esm.sh/drizzle-orm@0.44.4/denonext/pg-core/sequence.mjs": "4379aa01b6485debc112010a74763ff44e6e9f83e08f214f12b107c06bf61f8b",
    "https://esm.sh/drizzle-orm@0.44.4/denonext/pg-core/session.mjs": "2d58d08191160d55cbd7c21a5229a439be93dc6f4775a6b10d1177ce8df3d615",
    "https://esm.sh/drizzle-orm@0.44.4/denonext/pg-core/subquery.mjs": "fa639c3e0bcece41d4a26fcb532ad0b4c8b49db4708c33060b8a07ca10a3034f",
    "https://esm.sh/drizzle-orm@0.44.4/denonext/pg-core/table.mjs": "64ac10a99490678d6c0d57f122f36be9b416bf81c2a1a008a78b3965a476f5d2",
    "https://esm.sh/drizzle-orm@0.44.4/denonext/pg-core/unique-constraint.mjs": "e3df4f381fe062f11b7157d7f0339927a0c10e01f0abdce68369b173a317d813",
    "https://esm.sh/drizzle-orm@0.44.4/denonext/pg-core/utils.mjs": "d1400ed6da63b8d0bab75906821e8c762a59f28305bf6ed3e207836e8a0dfed2",
    "https://esm.sh/drizzle-orm@0.44.4/denonext/pg-core/utils/array.mjs": "d91f72d801f230a91c3c96cf6519d1b90a043708b112cd8d1dc2fad7e8d90560",
    "https://esm.sh/drizzle-orm@0.44.4/denonext/pg-core/view-base.mjs": "6fd77d12449296d29ba928be4f98cdceb7de8aadc4498bf46ca2c933e9ac5d85",
    "https://esm.sh/drizzle-orm@0.44.4/denonext/pg-core/view-common.mjs": "714567aef0847bff79940c33e466b077e1fbe22bbb7bbe9c00eecd28efe2876f",
    "https://esm.sh/drizzle-orm@0.44.4/denonext/pg-core/view.mjs": "eaf9a35b5eae854f42b4fb8abc0cdd769b22c67ef962f2c32c00061af28cdd25",
    "https://esm.sh/drizzle-orm@0.44.4/denonext/postgres-js.mjs": "89fdbae1b1252a6cac993e0adbd63cacbcdcb14361d0ec0db65709f7e9023c74",
    "https://esm.sh/drizzle-orm@0.44.4/denonext/postgres-js/driver.mjs": "457855de325906613ac631281f6a2e2101c86de585c9bb08ce63abe93dc3ffb1",
    "https://esm.sh/drizzle-orm@0.44.4/denonext/postgres-js/session.mjs": "737000edfe02cc8967e773739c0561af50dea3f326ea8dd942684a3e1761dcf6",
    "https://esm.sh/drizzle-orm@0.44.4/denonext/query-builders/query-builder.mjs": "8f89f5ea37da20bcaf4b7c2f4b3794f8e55abd207b2ac9e7a83fb9fa2b3afbd9",
    "https://esm.sh/drizzle-orm@0.44.4/denonext/query-promise.mjs": "29078fe3720c7bf7e6089a43ffbba8a821c476b2b0cefc7928d57eb63037fe98",
    "https://esm.sh/drizzle-orm@0.44.4/denonext/relations.mjs": "ee0efa28eedb584838498297cd7dd33044c92f96a73ef841a4dedbae96020749",
    "https://esm.sh/drizzle-orm@0.44.4/denonext/selection-proxy.mjs": "173209a5ea5e4374b8912b3b811e5238b442a365614d37877e046e3509247dd6",
    "https://esm.sh/drizzle-orm@0.44.4/denonext/sql.mjs": "3e095782b8287804dc405403c4ce1dfb35c7401e8888ccc2b39206c1990cef10",
    "https://esm.sh/drizzle-orm@0.44.4/denonext/sql/expressions.mjs": "086c47532949235c0be80b79439f294f5db338a84ed028a23a1a2d1801c7e827",
    "https://esm.sh/drizzle-orm@0.44.4/denonext/sql/expressions/conditions.mjs": "3b6ae84814f56db92f82ab6b31fbb61489c9430d74babdb110aa9f16f894e36f",
    "https://esm.sh/drizzle-orm@0.44.4/denonext/sql/expressions/select.mjs": "23115740b2a375f3f9131153152ca82ea7279aff7f4b41db38bf7059891e949d",
    "https://esm.sh/drizzle-orm@0.44.4/denonext/sql/functions.mjs": "287d95aed6f7f19d03b030a9f6578907d87583594a99fc3470acb42e2da7615e",
    "https://esm.sh/drizzle-orm@0.44.4/denonext/sql/functions/aggregate.mjs": "e1a0ba5bf7da22b21af237989ea291de4273f261690a5c15ded096ddc1f4acd3",
    "https://esm.sh/drizzle-orm@0.44.4/denonext/sql/functions/vector.mjs": "5bd106bee3b5e1a87099f2edbdb1c24ecc4a0190d02c1fb8c73163fd523f2fcc",
    "https://esm.sh/drizzle-orm@0.44.4/denonext/sql/sql.mjs": "ac5c34ccfa47f27a93055bcbf2b2b909bae9d099b498166d2afdbce870711f66",
    "https://esm.sh/drizzle-orm@0.44.4/denonext/subquery.mjs": "1dddf13e151401976a07aedd3856d3a2b2a72390786c2c383d3546a6c2a764b5",
    "https://esm.sh/drizzle-orm@0.44.4/denonext/table.mjs": "0221987a5e920f283823132d374c400f7a51b5db94a0846be6f3a1a7e0074869",
    "https://esm.sh/drizzle-orm@0.44.4/denonext/table.utils.mjs": "a5829b9526304a5412b88117f35599cbe949344c58cf51e27223d425cb6d89db",
    "https://esm.sh/drizzle-orm@0.44.4/denonext/tracing-utils.mjs": "2cb5bee94f7616087fbb4e4f5e1bb54c0b8ec464fe58ce0bf1cdcc3d27a3cc94",
    "https://esm.sh/drizzle-orm@0.44.4/denonext/tracing.mjs": "a131a71508459b260467be42115bca413fa33817586b2d32040371c2ffe3e6e9",
    "https://esm.sh/drizzle-orm@0.44.4/denonext/utils.mjs": "465353bd7d52054a8847f6fb106bf4b7d2663e5fb3551182c88577b094a22a7a",
    "https://esm.sh/drizzle-orm@0.44.4/denonext/version.mjs": "380d719032abcbca148f54e9d74b0cb03a953d62f510bf0357501cf55bf0dabf",
    "https://esm.sh/drizzle-orm@0.44.4/denonext/view-common.mjs": "ff61b3e495c92f599513774daf0874eac21a512fbf26bc5c4e0f31e881466e25",
    "https://esm.sh/drizzle-orm@0.44.4/pg-core": "3e1cee186488d3e9ec478beebdd39c6fd0deb96b7d5b880ddff67f17927efd52",
    "https://esm.sh/drizzle-orm@0.44.4/postgres-js": "607cc72d2ebf316deb9838490e2155d0596ac14fb9f110efdfaee3fa9436ed47",
    "https://esm.sh/isows@1.0.7/denonext/isows.mjs": "be1812ebbf28737b43588bbcbd89bf43345e3d58d32be13def331d12361045b4",
    "https://esm.sh/isows@1.0.7?target=denonext": "31b7306eada995ba18e29841d688a42bcc0166caf302e1b183b6d2a7c649f262",
    "https://esm.sh/postgres@3.4.3": "2d1cf68faa4a5da37630d8b38102fa8fd291b01092b06eb3235b1ce22c572649",
    "https://esm.sh/postgres@3.4.3/denonext/postgres.mjs": "328e5a8975b0b56811b3e1e13bd233b7e5de35a10e7a17c86260e3bcc50da254",
    "https://esm.sh/postgres@3.4.7/denonext/postgres.mjs": "72a246f6a7c118467e0e1005955dd966bffe7e7fec9f9e3d19704dbaf4357f1e",
    "https://esm.sh/postgres@3.4.7?target=denonext": "7c3f3a95deef865bb77ce4bb4751895951d6999175b76c84cbf7d63d5386e8f0",
    "https://esm.sh/tr46@0.0.3/denonext/tr46.mjs": "5753ec0a99414f4055f0c1f97691100f13d88e48a8443b00aebb90a512785fa2",
    "https://esm.sh/tr46@0.0.3?target=denonext": "19cb9be0f0d418a0c3abb81f2df31f080e9540a04e43b0f699bce1149cba0cbb",
    "https://esm.sh/webidl-conversions@3.0.1/denonext/webidl-conversions.mjs": "54b5c2d50a294853c4ccebf9d5ed8988c94f4e24e463d84ec859a866ea5fafec",
    "https://esm.sh/webidl-conversions@3.0.1?target=denonext": "4e20318d50528084616c79d7b3f6e7f0fe7b6d09013bd01b3974d7448d767e29",
    "https://esm.sh/whatwg-url@5.0.0/denonext/whatwg-url.mjs": "29b16d74ee72624c915745bbd25b617cfd2248c6af0f5120d131e232a9a9af79",
    "https://esm.sh/whatwg-url@5.0.0?target=denonext": "f001a2cadf81312d214ca330033f474e74d81a003e21e8c5d70a1f46dc97b02d"
  },
  "workspace": {
    "dependencies": [
      "jsr:@hono/hono@^4.8.12"
    ],
    "packageJson": {
      "dependencies": [
        "npm:buffer-from@^1.1.2",
        "npm:debug@^4.4.1",
        "npm:dotenv@^17.2.1",
        "npm:drizzle-kit@~0.31.4",
        "npm:drizzle-orm@~0.44.4",
        "npm:esbuild-register@^3.6.0",
        "npm:esbuild@~0.25.8",
        "npm:get-tsconfig@^4.10.1",
        "npm:ms@^2.1.3",
        "npm:resolve-pkg-maps@1",
        "npm:source-map-support@~0.5.21",
        "npm:source-map@~0.6.1",
        "npm:ts-node@^10.9.2",
        "npm:typescript@^5.9.2"
      ]
    }
  }
}
